
Microsoft Visual Studio Solution File, Format Version 12.00
# Visual Studio Version 16
VisualStudioVersion = 16.0.29509.3
MinimumVisualStudioVersion = 10.0.40219.1
Project("{FAE04EC0-301F-11D3-BF4B-00C04F79EFBC}") = "AuthLibrary", "AuthLibrary\AuthLibrary.csproj", "{622D48BC-B774-421B-BF7D-972E43533AD5}"
EndProject
Project("{FAE04EC0-301F-11D3-BF4B-00C04F79EFBC}") = "AdminLibrary", "AdminLibrary\AdminLibrary.csproj", "{CA1578DF-82E2-44BA-AB20-C04F12AC80EF}"
EndProject
Project("{FAE04EC0-301F-11D3-BF4B-00C04F79EFBC}") = "MentorLibrary", "MentorLibrary\MentorLibrary.csproj", "{91E13958-81F1-45EF-B561-3D61EF530EB7}"
EndProject
Project("{FAE04EC0-301F-11D3-BF4B-00C04F79EFBC}") = "StudentLibrary", "StudentLibrary\StudentLibrary.csproj", "{FA64C726-60D8-43C5-9D1B-E097C910D775}"
EndProject
Project("{FAE04EC0-301F-11D3-BF4B-00C04F79EFBC}") = "DtoLibrary", "DtoLibrary\DtoLibrary.csproj", "{87297CF0-054F-42EB-BFBB-4982D061CFA5}"
EndProject
Project("{FAE04EC0-301F-11D3-BF4B-00C04F79EFBC}") = "ModelLibrary", "ModelLibrary\ModelLibrary.csproj", "{7864D659-1819-4AA7-889E-D6197B5A2772}"
EndProject
Project("{FAE04EC0-301F-11D3-BF4B-00C04F79EFBC}") = "AuthService", "AuthService\AuthService.csproj", "{265102D8-E278-4910-9F50-0C18EF3DB64E}"
EndProject
Project("{FAE04EC0-301F-11D3-BF4B-00C04F79EFBC}") = "AdminService", "AdminService\AdminService.csproj", "{094A3BD1-B57B-4AB9-B1D3-A22853D862A6}"
EndProject
Project("{FAE04EC0-301F-11D3-BF4B-00C04F79EFBC}") = "MentorService", "MentorService\MentorService.csproj", "{2A3A53E1-1FC4-4469-A38D-FFC76A9B94DD}"
EndProject
Project("{FAE04EC0-301F-11D3-BF4B-00C04F79EFBC}") = "StudentService", "StudentService\StudentService.csproj", "{1E0C22C0-545A-4303-B1A6-218468AD672F}"
EndProject
Global
	GlobalSection(SolutionConfigurationPlatforms) = preSolution
		Debug|Any CPU = Debug|Any CPU
		Release|Any CPU = Release|Any CPU
	EndGlobalSection
	GlobalSection(ProjectConfigurationPlatforms) = postSolution
		{622D48BC-B774-421B-BF7D-972E43533AD5}.Debug|Any CPU.ActiveCfg = Debug|Any CPU
		{622D48BC-B774-421B-BF7D-972E43533AD5}.Debug|Any CPU.Build.0 = Debug|Any CPU
		{622D48BC-B774-421B-BF7D-972E43533AD5}.Release|Any CPU.ActiveCfg = Release|Any CPU
		{622D48BC-B774-421B-BF7D-972E43533AD5}.Release|Any CPU.Build.0 = Release|Any CPU
		{CA1578DF-82E2-44BA-AB20-C04F12AC80EF}.Debug|Any CPU.ActiveCfg = Debug|Any CPU
		{CA1578DF-82E2-44BA-AB20-C04F12AC80EF}.Debug|Any CPU.Build.0 = Debug|Any CPU
		{CA1578DF-82E2-44BA-AB20-C04F12AC80EF}.Release|Any CPU.ActiveCfg = Release|Any CPU
		{CA1578DF-82E2-44BA-AB20-C04F12AC80EF}.Release|Any CPU.Build.0 = Release|Any CPU
		{91E13958-81F1-45EF-B561-3D61EF530EB7}.Debug|Any CPU.ActiveCfg = Debug|Any CPU
		{91E13958-81F1-45EF-B561-3D61EF530EB7}.Debug|Any CPU.Build.0 = Debug|Any CPU
		{91E13958-81F1-45EF-B561-3D61EF530EB7}.Release|Any CPU.ActiveCfg = Release|Any CPU
		{91E13958-81F1-45EF-B561-3D61EF530EB7}.Release|Any CPU.Build.0 = Release|Any CPU
		{FA64C726-60D8-43C5-9D1B-E097C910D775}.Debug|Any CPU.ActiveCfg = Debug|Any CPU
		{FA64C726-60D8-43C5-9D1B-E097C910D775}.Debug|Any CPU.Build.0 = Debug|Any CPU
		{FA64C726-60D8-43C5-9D1B-E097C910D775}.Release|Any CPU.ActiveCfg = Release|Any CPU
		{FA64C726-60D8-43C5-9D1B-E097C910D775}.Release|Any CPU.Build.0 = Release|Any CPU
		{87297CF0-054F-42EB-BFBB-4982D061CFA5}.Debug|Any CPU.ActiveCfg = Debug|Any CPU
		{87297CF0-054F-42EB-BFBB-4982D061CFA5}.Debug|Any CPU.Build.0 = Debug|Any CPU
		{87297CF0-054F-42EB-BFBB-4982D061CFA5}.Release|Any CPU.ActiveCfg = Release|Any CPU
		{87297CF0-054F-42EB-BFBB-4982D061CFA5}.Release|Any CPU.Build.0 = Release|Any CPU
		{7864D659-1819-4AA7-889E-D6197B5A2772}.Debug|Any CPU.ActiveCfg = Debug|Any CPU
		{7864D659-1819-4AA7-889E-D6197B5A2772}.Debug|Any CPU.Build.0 = Debug|Any CPU
		{7864D659-1819-4AA7-889E-D6197B5A2772}.Release|Any CPU.ActiveCfg = Release|Any CPU
		{7864D659-1819-4AA7-889E-D6197B5A2772}.Release|Any CPU.Build.0 = Release|Any CPU
		{265102D8-E278-4910-9F50-0C18EF3DB64E}.Debug|Any CPU.ActiveCfg = Debug|Any CPU
		{265102D8-E278-4910-9F50-0C18EF3DB64E}.Debug|Any CPU.Build.0 = Debug|Any CPU
		{265102D8-E278-4910-9F50-0C18EF3DB64E}.Release|Any CPU.ActiveCfg = Release|Any CPU
		{265102D8-E278-4910-9F50-0C18EF3DB64E}.Release|Any CPU.Build.0 = Release|Any CPU
		{094A3BD1-B57B-4AB9-B1D3-A22853D862A6}.Debug|Any CPU.ActiveCfg = Debug|Any CPU
		{094A3BD1-B57B-4AB9-B1D3-A22853D862A6}.Debug|Any CPU.Build.0 = Debug|Any CPU
		{094A3BD1-B57B-4AB9-B1D3-A22853D862A6}.Release|Any CPU.ActiveCfg = Release|Any CPU
		{094A3BD1-B57B-4AB9-B1D3-A22853D862A6}.Release|Any CPU.Build.0 = Release|Any CPU
		{2A3A53E1-1FC4-4469-A38D-FFC76A9B94DD}.Debug|Any CPU.ActiveCfg = Debug|Any CPU
		{2A3A53E1-1FC4-4469-A38D-FFC76A9B94DD}.Debug|Any CPU.Build.0 = Debug|Any CPU
		{2A3A53E1-1FC4-4469-A38D-FFC76A9B94DD}.Release|Any CPU.ActiveCfg = Release|Any CPU
		{2A3A53E1-1FC4-4469-A38D-FFC76A9B94DD}.Release|Any CPU.Build.0 = Release|Any CPU
		{1E0C22C0-545A-4303-B1A6-218468AD672F}.Debug|Any CPU.ActiveCfg = Debug|Any CPU
		{1E0C22C0-545A-4303-B1A6-218468AD672F}.Debug|Any CPU.Build.0 = Debug|Any CPU
		{1E0C22C0-545A-4303-B1A6-218468AD672F}.Release|Any CPU.ActiveCfg = Release|Any CPU
		{1E0C22C0-545A-4303-B1A6-218468AD672F}.Release|Any CPU.Build.0 = Release|Any CPU
	EndGlobalSection
	GlobalSection(SolutionProperties) = preSolution
		HideSolutionNode = FALSE
	EndGlobalSection
	GlobalSection(ExtensibilityGlobals) = postSolution
		SolutionGuid = {174B03B1-D06F-4160-9C4B-EB5ABE5382F1}
	EndGlobalSection
EndGlobal
